
Microsoft Visual Studio Solution File, Format Version 12.00
# Visual Studio Version 17
VisualStudioVersion = 17.12.35707.178 d17.12
MinimumVisualStudioVersion = 10.0.40219.1
Project("{FAE04EC0-301F-11D3-BF4B-00C04F79EFBC}") = "ex 12", "ex 12\ex 12.csproj", "{1E17DE81-7C3E-45D6-BF1B-5E03722E7AAE}"
EndProject
Global
	GlobalSection(SolutionConfigurationPlatforms) = preSolution
		Debug|Any CPU = Debug|Any CPU
		Release|Any CPU = Release|Any CPU
	EndGlobalSection
	GlobalSection(ProjectConfigurationPlatforms) = postSolution
		{1E17DE81-7C3E-45D6-BF1B-5E03722E7AAE}.Debug|Any CPU.ActiveCfg = Debug|Any CPU
		{1E17DE81-7C3E-45D6-BF1B-5E03722E7AAE}.Debug|Any CPU.Build.0 = Debug|Any CPU
		{1E17DE81-7C3E-45D6-BF1B-5E03722E7AAE}.Release|Any CPU.ActiveCfg = Release|Any CPU
		{1E17DE81-7C3E-45D6-BF1B-5E03722E7AAE}.Release|Any CPU.Build.0 = Release|Any CPU
	EndGlobalSection
	GlobalSection(SolutionProperties) = preSolution
		HideSolutionNode = FALSE
	EndGlobalSection
EndGlobal
